// !$*UTF8*$!
{
	archiveVersion = 1;
	classes = {
	};
	objectVersion = 50;
	objects = {

/* Begin PBXBuildFile section */
		0070C2543D54B852874A9769 /* Pods_GQLControl.framework in Frameworks */ = {isa = PBXBuildFile; fileRef = 145A5DCC8885572985FA4EB8 /* Pods_GQLControl.framework */; };
		A02D8D79221A649D00B0A42E /* GQLControl.h in Headers */ = {isa = PBXBuildFile; fileRef = A02D8D77221A649D00B0A42E /* GQLControl.h */; settings = {ATTRIBUTES = (Public, ); }; };
		A02D8D80221A64BF00B0A42E /* Apollo.swift in Sources */ = {isa = PBXBuildFile; fileRef = A02D8D7F221A64BF00B0A42E /* Apollo.swift */; };
		A02D8D8B221A6EA300B0A42E /* GQLDecodable.swift in Sources */ = {isa = PBXBuildFile; fileRef = A02D8D81221A6EA200B0A42E /* GQLDecodable.swift */; };
		A02D8D8C221A6EA300B0A42E /* GQLData.swift in Sources */ = {isa = PBXBuildFile; fileRef = A02D8D82221A6EA200B0A42E /* GQLData.swift */; };
		A02D8D8D221A6EA300B0A42E /* QueueController.swift in Sources */ = {isa = PBXBuildFile; fileRef = A02D8D83221A6EA200B0A42E /* QueueController.swift */; };
		A02D8D8E221A6EA300B0A42E /* ObservableOperationController.swift in Sources */ = {isa = PBXBuildFile; fileRef = A02D8D84221A6EA200B0A42E /* ObservableOperationController.swift */; };
		A02D8D8F221A6EA300B0A42E /* ApolloOperation.swift in Sources */ = {isa = PBXBuildFile; fileRef = A02D8D85221A6EA200B0A42E /* ApolloOperation.swift */; };
		A02D8D90221A6EA300B0A42E /* QueryOperation.swift in Sources */ = {isa = PBXBuildFile; fileRef = A02D8D86221A6EA200B0A42E /* QueryOperation.swift */; };
		A02D8D91221A6EA300B0A42E /* GQLQuery.swift in Sources */ = {isa = PBXBuildFile; fileRef = A02D8D87221A6EA200B0A42E /* GQLQuery.swift */; };
		A02D8D92221A6EA300B0A42E /* Query.swift in Sources */ = {isa = PBXBuildFile; fileRef = A02D8D88221A6EA200B0A42E /* Query.swift */; };
		A02D8D93221A6EA300B0A42E /* GQLDecoder.swift in Sources */ = {isa = PBXBuildFile; fileRef = A02D8D89221A6EA300B0A42E /* GQLDecoder.swift */; };
		A02D8D94221A6EA300B0A42E /* ObservableOperation.swift in Sources */ = {isa = PBXBuildFile; fileRef = A02D8D8A221A6EA300B0A42E /* ObservableOperation.swift */; };
		A02D8D96221A77A300B0A42E /* Result.swift in Sources */ = {isa = PBXBuildFile; fileRef = A02D8D95221A77A300B0A42E /* Result.swift */; };
		A08898B72223C20000F591CD /* AsyncOperation.swift in Sources */ = {isa = PBXBuildFile; fileRef = A08898B62223C20000F591CD /* AsyncOperation.swift */; };
		A08898BB2224952D00F591CD /* OperationExt.swift in Sources */ = {isa = PBXBuildFile; fileRef = A08898BA2224952D00F591CD /* OperationExt.swift */; };
		A08898BD22251B6400F591CD /* URLQuery.swift in Sources */ = {isa = PBXBuildFile; fileRef = A08898BC22251B6400F591CD /* URLQuery.swift */; };
		A08898BF22251B9000F591CD /* ImageURLQuery.swift in Sources */ = {isa = PBXBuildFile; fileRef = A08898BE22251B9000F591CD /* ImageURLQuery.swift */; };
		A08898C122251C1100F591CD /* QueryError.swift in Sources */ = {isa = PBXBuildFile; fileRef = A08898C022251C1100F591CD /* QueryError.swift */; };
/* End PBXBuildFile section */

/* Begin PBXFileReference section */
		0F69FB21B0D00D82F93A5D11 /* Pods-GQLControl.debug.xcconfig */ = {isa = PBXFileReference; includeInIndex = 1; lastKnownFileType = text.xcconfig; name = "Pods-GQLControl.debug.xcconfig"; path = "Pods/Target Support Files/Pods-GQLControl/Pods-GQLControl.debug.xcconfig"; sourceTree = "<group>"; };
		145A5DCC8885572985FA4EB8 /* Pods_GQLControl.framework */ = {isa = PBXFileReference; explicitFileType = wrapper.framework; includeInIndex = 0; path = Pods_GQLControl.framework; sourceTree = BUILT_PRODUCTS_DIR; };
		3A48C9F35E1F67B0E5EA6506 /* Pods-GQLControl.release.xcconfig */ = {isa = PBXFileReference; includeInIndex = 1; lastKnownFileType = text.xcconfig; name = "Pods-GQLControl.release.xcconfig"; path = "Pods/Target Support Files/Pods-GQLControl/Pods-GQLControl.release.xcconfig"; sourceTree = "<group>"; };
		A02D8D74221A649D00B0A42E /* GQLControl.framework */ = {isa = PBXFileReference; explicitFileType = wrapper.framework; includeInIndex = 0; path = GQLControl.framework; sourceTree = BUILT_PRODUCTS_DIR; };
		A02D8D77221A649D00B0A42E /* GQLControl.h */ = {isa = PBXFileReference; lastKnownFileType = sourcecode.c.h; path = GQLControl.h; sourceTree = "<group>"; };
		A02D8D78221A649D00B0A42E /* Info.plist */ = {isa = PBXFileReference; lastKnownFileType = text.plist.xml; path = Info.plist; sourceTree = "<group>"; };
		A02D8D7F221A64BF00B0A42E /* Apollo.swift */ = {isa = PBXFileReference; fileEncoding = 4; lastKnownFileType = sourcecode.swift; path = Apollo.swift; sourceTree = "<group>"; };
		A02D8D81221A6EA200B0A42E /* GQLDecodable.swift */ = {isa = PBXFileReference; fileEncoding = 4; lastKnownFileType = sourcecode.swift; path = GQLDecodable.swift; sourceTree = "<group>"; };
		A02D8D82221A6EA200B0A42E /* GQLData.swift */ = {isa = PBXFileReference; fileEncoding = 4; lastKnownFileType = sourcecode.swift; path = GQLData.swift; sourceTree = "<group>"; };
		A02D8D83221A6EA200B0A42E /* QueueController.swift */ = {isa = PBXFileReference; fileEncoding = 4; lastKnownFileType = sourcecode.swift; path = QueueController.swift; sourceTree = "<group>"; };
		A02D8D84221A6EA200B0A42E /* ObservableOperationController.swift */ = {isa = PBXFileReference; fileEncoding = 4; lastKnownFileType = sourcecode.swift; path = ObservableOperationController.swift; sourceTree = "<group>"; };
		A02D8D85221A6EA200B0A42E /* ApolloOperation.swift */ = {isa = PBXFileReference; fileEncoding = 4; lastKnownFileType = sourcecode.swift; path = ApolloOperation.swift; sourceTree = "<group>"; };
		A02D8D86221A6EA200B0A42E /* QueryOperation.swift */ = {isa = PBXFileReference; fileEncoding = 4; lastKnownFileType = sourcecode.swift; path = QueryOperation.swift; sourceTree = "<group>"; };
		A02D8D87221A6EA200B0A42E /* GQLQuery.swift */ = {isa = PBXFileReference; fileEncoding = 4; lastKnownFileType = sourcecode.swift; path = GQLQuery.swift; sourceTree = "<group>"; };
		A02D8D88221A6EA200B0A42E /* Query.swift */ = {isa = PBXFileReference; fileEncoding = 4; lastKnownFileType = sourcecode.swift; path = Query.swift; sourceTree = "<group>"; };
		A02D8D89221A6EA300B0A42E /* GQLDecoder.swift */ = {isa = PBXFileReference; fileEncoding = 4; lastKnownFileType = sourcecode.swift; path = GQLDecoder.swift; sourceTree = "<group>"; };
		A02D8D8A221A6EA300B0A42E /* ObservableOperation.swift */ = {isa = PBXFileReference; fileEncoding = 4; lastKnownFileType = sourcecode.swift; path = ObservableOperation.swift; sourceTree = "<group>"; };
		A02D8D95221A77A300B0A42E /* Result.swift */ = {isa = PBXFileReference; lastKnownFileType = sourcecode.swift; path = Result.swift; sourceTree = "<group>"; };
		A08898B62223C20000F591CD /* AsyncOperation.swift */ = {isa = PBXFileReference; lastKnownFileType = sourcecode.swift; path = AsyncOperation.swift; sourceTree = "<group>"; };
		A08898BA2224952D00F591CD /* OperationExt.swift */ = {isa = PBXFileReference; lastKnownFileType = sourcecode.swift; path = OperationExt.swift; sourceTree = "<group>"; };
		A08898BC22251B6400F591CD /* URLQuery.swift */ = {isa = PBXFileReference; lastKnownFileType = sourcecode.swift; path = URLQuery.swift; sourceTree = "<group>"; };
		A08898BE22251B9000F591CD /* ImageURLQuery.swift */ = {isa = PBXFileReference; lastKnownFileType = sourcecode.swift; path = ImageURLQuery.swift; sourceTree = "<group>"; };
		A08898C022251C1100F591CD /* QueryError.swift */ = {isa = PBXFileReference; lastKnownFileType = sourcecode.swift; path = QueryError.swift; sourceTree = "<group>"; };
/* End PBXFileReference section */

/* Begin PBXFrameworksBuildPhase section */
		A02D8D71221A649D00B0A42E /* Frameworks */ = {
			isa = PBXFrameworksBuildPhase;
			buildActionMask = 2147483647;
			files = (
				0070C2543D54B852874A9769 /* Pods_GQLControl.framework in Frameworks */,
			);
			runOnlyForDeploymentPostprocessing = 0;
		};
/* End PBXFrameworksBuildPhase section */

/* Begin PBXGroup section */
		1E59075BC9EDD79DEF6BE58C /* Pods */ = {
			isa = PBXGroup;
			children = (
				0F69FB21B0D00D82F93A5D11 /* Pods-GQLControl.debug.xcconfig */,
				3A48C9F35E1F67B0E5EA6506 /* Pods-GQLControl.release.xcconfig */,
			);
			name = Pods;
			sourceTree = "<group>";
		};
		A02D8D6A221A649D00B0A42E = {
			isa = PBXGroup;
			children = (
				A02D8D76221A649D00B0A42E /* GQLControl */,
				A02D8D75221A649D00B0A42E /* Products */,
				1E59075BC9EDD79DEF6BE58C /* Pods */,
				E2CD7C217E1897D7AAD4E81D /* Frameworks */,
			);
			sourceTree = "<group>";
		};
		A02D8D75221A649D00B0A42E /* Products */ = {
			isa = PBXGroup;
			children = (
				A02D8D74221A649D00B0A42E /* GQLControl.framework */,
			);
			name = Products;
			sourceTree = "<group>";
		};
		A02D8D76221A649D00B0A42E /* GQLControl */ = {
			isa = PBXGroup;
			children = (
				A02D8D7F221A64BF00B0A42E /* Apollo.swift */,
				A02D8D95221A77A300B0A42E /* Result.swift */,
				A02D8D85221A6EA200B0A42E /* ApolloOperation.swift */,
				A02D8D82221A6EA200B0A42E /* GQLData.swift */,
				A02D8D81221A6EA200B0A42E /* GQLDecodable.swift */,
				A02D8D89221A6EA300B0A42E /* GQLDecoder.swift */,
				A02D8D86221A6EA200B0A42E /* QueryOperation.swift */,
				A02D8D87221A6EA200B0A42E /* GQLQuery.swift */,
				A08898BE22251B9000F591CD /* ImageURLQuery.swift */,
				A08898BC22251B6400F591CD /* URLQuery.swift */,
				A02D8D8A221A6EA300B0A42E /* ObservableOperation.swift */,
				A02D8D84221A6EA200B0A42E /* ObservableOperationController.swift */,
				A02D8D88221A6EA200B0A42E /* Query.swift */,
				A08898C022251C1100F591CD /* QueryError.swift */,
				A08898B62223C20000F591CD /* AsyncOperation.swift */,
				A02D8D83221A6EA200B0A42E /* QueueController.swift */,
				A08898BA2224952D00F591CD /* OperationExt.swift */,
				A02D8D77221A649D00B0A42E /* GQLControl.h */,
				A02D8D78221A649D00B0A42E /* Info.plist */,
			);
			path = GQLControl;
			sourceTree = "<group>";
		};
		E2CD7C217E1897D7AAD4E81D /* Frameworks */ = {
			isa = PBXGroup;
			children = (
				145A5DCC8885572985FA4EB8 /* Pods_GQLControl.framework */,
			);
			name = Frameworks;
			sourceTree = "<group>";
		};
/* End PBXGroup section */

/* Begin PBXHeadersBuildPhase section */
		A02D8D6F221A649D00B0A42E /* Headers */ = {
			isa = PBXHeadersBuildPhase;
			buildActionMask = 2147483647;
			files = (
				A02D8D79221A649D00B0A42E /* GQLControl.h in Headers */,
			);
			runOnlyForDeploymentPostprocessing = 0;
		};
/* End PBXHeadersBuildPhase section */

/* Begin PBXNativeTarget section */
		A02D8D73221A649D00B0A42E /* GQLControl */ = {
			isa = PBXNativeTarget;
			buildConfigurationList = A02D8D7C221A649D00B0A42E /* Build configuration list for PBXNativeTarget "GQLControl" */;
			buildPhases = (
				C0F9BDE6F819E07BE7F01773 /* [CP] Check Pods Manifest.lock */,
				A02D8D6F221A649D00B0A42E /* Headers */,
				A02D8D70221A649D00B0A42E /* Sources */,
				A02D8D71221A649D00B0A42E /* Frameworks */,
				A02D8D72221A649D00B0A42E /* Resources */,
			);
			buildRules = (
			);
			dependencies = (
			);
			name = GQLControl;
			productName = GQLControl;
			productReference = A02D8D74221A649D00B0A42E /* GQLControl.framework */;
			productType = "com.apple.product-type.framework";
		};
/* End PBXNativeTarget section */

/* Begin PBXProject section */
		A02D8D6B221A649D00B0A42E /* Project object */ = {
			isa = PBXProject;
			attributes = {
				LastUpgradeCheck = 1010;
				ORGANIZATIONNAME = aldofuentes;
				TargetAttributes = {
					A02D8D73221A649D00B0A42E = {
						CreatedOnToolsVersion = 10.1;
						LastSwiftMigration = 1010;
					};
				};
			};
			buildConfigurationList = A02D8D6E221A649D00B0A42E /* Build configuration list for PBXProject "GQLControl" */;
			compatibilityVersion = "Xcode 9.3";
			developmentRegion = en;
			hasScannedForEncodings = 0;
			knownRegions = (
				en,
			);
			mainGroup = A02D8D6A221A649D00B0A42E;
			productRefGroup = A02D8D75221A649D00B0A42E /* Products */;
			projectDirPath = "";
			projectRoot = "";
			targets = (
				A02D8D73221A649D00B0A42E /* GQLControl */,
			);
		};
/* End PBXProject section */

/* Begin PBXResourcesBuildPhase section */
		A02D8D72221A649D00B0A42E /* Resources */ = {
			isa = PBXResourcesBuildPhase;
			buildActionMask = 2147483647;
			files = (
			);
			runOnlyForDeploymentPostprocessing = 0;
		};
/* End PBXResourcesBuildPhase section */

/* Begin PBXShellScriptBuildPhase section */
		C0F9BDE6F819E07BE7F01773 /* [CP] Check Pods Manifest.lock */ = {
			isa = PBXShellScriptBuildPhase;
			buildActionMask = 2147483647;
			files = (
			);
			inputFileListPaths = (
			);
			inputPaths = (
				"${PODS_PODFILE_DIR_PATH}/Podfile.lock",
				"${PODS_ROOT}/Manifest.lock",
			);
			name = "[CP] Check Pods Manifest.lock";
			outputFileListPaths = (
			);
			outputPaths = (
				"$(DERIVED_FILE_DIR)/Pods-GQLControl-checkManifestLockResult.txt",
			);
			runOnlyForDeploymentPostprocessing = 0;
			shellPath = /bin/sh;
			shellScript = "diff \"${PODS_PODFILE_DIR_PATH}/Podfile.lock\" \"${PODS_ROOT}/Manifest.lock\" > /dev/null\nif [ $? != 0 ] ; then\n    # print error to STDERR\n    echo \"error: The sandbox is not in sync with the Podfile.lock. Run 'pod install' or update your CocoaPods installation.\" >&2\n    exit 1\nfi\n# This output is used by Xcode 'outputs' to avoid re-running this script phase.\necho \"SUCCESS\" > \"${SCRIPT_OUTPUT_FILE_0}\"\n";
			showEnvVarsInLog = 0;
		};
/* End PBXShellScriptBuildPhase section */

/* Begin PBXSourcesBuildPhase section */
		A02D8D70221A649D00B0A42E /* Sources */ = {
			isa = PBXSourcesBuildPhase;
			buildActionMask = 2147483647;
			files = (
				A02D8D8B221A6EA300B0A42E /* GQLDecodable.swift in Sources */,
				A08898B72223C20000F591CD /* AsyncOperation.swift in Sources */,
				A08898BD22251B6400F591CD /* URLQuery.swift in Sources */,
				A02D8D92221A6EA300B0A42E /* Query.swift in Sources */,
				A02D8D94221A6EA300B0A42E /* ObservableOperation.swift in Sources */,
				A02D8D8D221A6EA300B0A42E /* QueueController.swift in Sources */,
				A02D8D90221A6EA300B0A42E /* QueryOperation.swift in Sources */,
				A02D8D91221A6EA300B0A42E /* GQLQuery.swift in Sources */,
				A02D8D96221A77A300B0A42E /* Result.swift in Sources */,
				A08898BB2224952D00F591CD /* OperationExt.swift in Sources */,
				A02D8D80221A64BF00B0A42E /* Apollo.swift in Sources */,
				A02D8D8E221A6EA300B0A42E /* ObservableOperationController.swift in Sources */,
				A08898C122251C1100F591CD /* QueryError.swift in Sources */,
				A08898BF22251B9000F591CD /* ImageURLQuery.swift in Sources */,
				A02D8D8F221A6EA300B0A42E /* ApolloOperation.swift in Sources */,
				A02D8D8C221A6EA300B0A42E /* GQLData.swift in Sources */,
				A02D8D93221A6EA300B0A42E /* GQLDecoder.swift in Sources */,
			);
			runOnlyForDeploymentPostprocessing = 0;
		};
/* End PBXSourcesBuildPhase section */

/* Begin XCBuildConfiguration section */
		A02D8D7A221A649D00B0A42E /* Debug */ = {
			isa = XCBuildConfiguration;
			buildSettings = {
				ALWAYS_SEARCH_USER_PATHS = NO;
				CLANG_ANALYZER_NONNULL = YES;
				CLANG_ANALYZER_NUMBER_OBJECT_CONVERSION = YES_AGGRESSIVE;
				CLANG_CXX_LANGUAGE_STANDARD = "gnu++14";
				CLANG_CXX_LIBRARY = "libc++";
				CLANG_ENABLE_MODULES = YES;
				CLANG_ENABLE_OBJC_ARC = YES;
				CLANG_ENABLE_OBJC_WEAK = YES;
				CLANG_WARN_BLOCK_CAPTURE_AUTORELEASING = YES;
				CLANG_WARN_BOOL_CONVERSION = YES;
				CLANG_WARN_COMMA = YES;
				CLANG_WARN_CONSTANT_CONVERSION = YES;
				CLANG_WARN_DEPRECATED_OBJC_IMPLEMENTATIONS = YES;
				CLANG_WARN_DIRECT_OBJC_ISA_USAGE = YES_ERROR;
				CLANG_WARN_DOCUMENTATION_COMMENTS = YES;
				CLANG_WARN_EMPTY_BODY = YES;
				CLANG_WARN_ENUM_CONVERSION = YES;
				CLANG_WARN_INFINITE_RECURSION = YES;
				CLANG_WARN_INT_CONVERSION = YES;
				CLANG_WARN_NON_LITERAL_NULL_CONVERSION = YES;
				CLANG_WARN_OBJC_IMPLICIT_RETAIN_SELF = YES;
				CLANG_WARN_OBJC_LITERAL_CONVERSION = YES;
				CLANG_WARN_OBJC_ROOT_CLASS = YES_ERROR;
				CLANG_WARN_RANGE_LOOP_ANALYSIS = YES;
				CLANG_WARN_STRICT_PROTOTYPES = YES;
				CLANG_WARN_SUSPICIOUS_MOVE = YES;
				CLANG_WARN_UNGUARDED_AVAILABILITY = YES_AGGRESSIVE;
				CLANG_WARN_UNREACHABLE_CODE = YES;
				CLANG_WARN__DUPLICATE_METHOD_MATCH = YES;
				CODE_SIGN_IDENTITY = "iPhone Developer";
				COPY_PHASE_STRIP = NO;
				CURRENT_PROJECT_VERSION = 1;
				DEBUG_INFORMATION_FORMAT = dwarf;
				ENABLE_STRICT_OBJC_MSGSEND = YES;
				ENABLE_TESTABILITY = YES;
				GCC_C_LANGUAGE_STANDARD = gnu11;
				GCC_DYNAMIC_NO_PIC = NO;
				GCC_NO_COMMON_BLOCKS = YES;
				GCC_OPTIMIZATION_LEVEL = 0;
				GCC_PREPROCESSOR_DEFINITIONS = (
					"DEBUG=1",
					"$(inherited)",
				);
				GCC_WARN_64_TO_32_BIT_CONVERSION = YES;
				GCC_WARN_ABOUT_RETURN_TYPE = YES_ERROR;
				GCC_WARN_UNDECLARED_SELECTOR = YES;
				GCC_WARN_UNINITIALIZED_AUTOS = YES_AGGRESSIVE;
				GCC_WARN_UNUSED_FUNCTION = YES;
				GCC_WARN_UNUSED_VARIABLE = YES;
				IPHONEOS_DEPLOYMENT_TARGET = 12.1;
				MTL_ENABLE_DEBUG_INFO = INCLUDE_SOURCE;
				MTL_FAST_MATH = YES;
				ONLY_ACTIVE_ARCH = YES;
				SDKROOT = iphoneos;
				SWIFT_ACTIVE_COMPILATION_CONDITIONS = DEBUG;
				SWIFT_OPTIMIZATION_LEVEL = "-Onone";
				VERSIONING_SYSTEM = "apple-generic";
				VERSION_INFO_PREFIX = "";
			};
			name = Debug;
		};
		A02D8D7B221A649D00B0A42E /* Release */ = {
			isa = XCBuildConfiguration;
			buildSettings = {
				ALWAYS_SEARCH_USER_PATHS = NO;
				CLANG_ANALYZER_NONNULL = YES;
				CLANG_ANALYZER_NUMBER_OBJECT_CONVERSION = YES_AGGRESSIVE;
				CLANG_CXX_LANGUAGE_STANDARD = "gnu++14";
				CLANG_CXX_LIBRARY = "libc++";
				CLANG_ENABLE_MODULES = YES;
				CLANG_ENABLE_OBJC_ARC = YES;
				CLANG_ENABLE_OBJC_WEAK = YES;
				CLANG_WARN_BLOCK_CAPTURE_AUTORELEASING = YES;
				CLANG_WARN_BOOL_CONVERSION = YES;
				CLANG_WARN_COMMA = YES;
				CLANG_WARN_CONSTANT_CONVERSION = YES;
				CLANG_WARN_DEPRECATED_OBJC_IMPLEMENTATIONS = YES;
				CLANG_WARN_DIRECT_OBJC_ISA_USAGE = YES_ERROR;
				CLANG_WARN_DOCUMENTATION_COMMENTS = YES;
				CLANG_WARN_EMPTY_BODY = YES;
				CLANG_WARN_ENUM_CONVERSION = YES;
				CLANG_WARN_INFINITE_RECURSION = YES;
				CLANG_WARN_INT_CONVERSION = YES;
				CLANG_WARN_NON_LITERAL_NULL_CONVERSION = YES;
				CLANG_WARN_OBJC_IMPLICIT_RETAIN_SELF = YES;
				CLANG_WARN_OBJC_LITERAL_CONVERSION = YES;
				CLANG_WARN_OBJC_ROOT_CLASS = YES_ERROR;
				CLANG_WARN_RANGE_LOOP_ANALYSIS = YES;
				CLANG_WARN_STRICT_PROTOTYPES = YES;
				CLANG_WARN_SUSPICIOUS_MOVE = YES;
				CLANG_WARN_UNGUARDED_AVAILABILITY = YES_AGGRESSIVE;
				CLANG_WARN_UNREACHABLE_CODE = YES;
				CLANG_WARN__DUPLICATE_METHOD_MATCH = YES;
				CODE_SIGN_IDENTITY = "iPhone Developer";
				COPY_PHASE_STRIP = NO;
				CURRENT_PROJECT_VERSION = 1;
				DEBUG_INFORMATION_FORMAT = "dwarf-with-dsym";
				ENABLE_NS_ASSERTIONS = NO;
				ENABLE_STRICT_OBJC_MSGSEND = YES;
				GCC_C_LANGUAGE_STANDARD = gnu11;
				GCC_NO_COMMON_BLOCKS = YES;
				GCC_WARN_64_TO_32_BIT_CONVERSION = YES;
				GCC_WARN_ABOUT_RETURN_TYPE = YES_ERROR;
				GCC_WARN_UNDECLARED_SELECTOR = YES;
				GCC_WARN_UNINITIALIZED_AUTOS = YES_AGGRESSIVE;
				GCC_WARN_UNUSED_FUNCTION = YES;
				GCC_WARN_UNUSED_VARIABLE = YES;
				IPHONEOS_DEPLOYMENT_TARGET = 12.1;
				MTL_ENABLE_DEBUG_INFO = NO;
				MTL_FAST_MATH = YES;
				SDKROOT = iphoneos;
				SWIFT_COMPILATION_MODE = wholemodule;
				SWIFT_OPTIMIZATION_LEVEL = "-O";
				VALIDATE_PRODUCT = YES;
				VERSIONING_SYSTEM = "apple-generic";
				VERSION_INFO_PREFIX = "";
			};
			name = Release;
		};
		A02D8D7D221A649D00B0A42E /* Debug */ = {
			isa = XCBuildConfiguration;
			baseConfigurationReference = 0F69FB21B0D00D82F93A5D11 /* Pods-GQLControl.debug.xcconfig */;
			buildSettings = {
				CLANG_ENABLE_MODULES = YES;
				CODE_SIGN_IDENTITY = "";
				CODE_SIGN_STYLE = Automatic;
				DEFINES_MODULE = YES;
				DEVELOPMENT_TEAM = 692XSSBS2C;
				DYLIB_COMPATIBILITY_VERSION = 1;
				DYLIB_CURRENT_VERSION = 1;
				DYLIB_INSTALL_NAME_BASE = "@rpath";
				INFOPLIST_FILE = GQLControl/Info.plist;
				INSTALL_PATH = "$(LOCAL_LIBRARY_DIR)/Frameworks";
				LD_RUNPATH_SEARCH_PATHS = (
					"$(inherited)",
					"@executable_path/Frameworks",
					"@loader_path/Frameworks",
				);
				PRODUCT_BUNDLE_IDENTIFIER = com.aldofuentes.GQLControl;
				PRODUCT_NAME = "$(TARGET_NAME:c99extidentifier)";
				SKIP_INSTALL = YES;
				SWIFT_OPTIMIZATION_LEVEL = "-Onone";
				SWIFT_VERSION = 4.2;
				TARGETED_DEVICE_FAMILY = "1,2";
			};
			name = Debug;
		};
		A02D8D7E221A649D00B0A42E /* Release */ = {
			isa = XCBuildConfiguration;
			baseConfigurationReference = 3A48C9F35E1F67B0E5EA6506 /* Pods-GQLControl.release.xcconfig */;
			buildSettings = {
				CLANG_ENABLE_MODULES = YES;
				CODE_SIGN_IDENTITY = "";
				CODE_SIGN_STYLE = Automatic;
				DEFINES_MODULE = YES;
				DEVELOPMENT_TEAM = 692XSSBS2C;
				DYLIB_COMPATIBILITY_VERSION = 1;
				DYLIB_CURRENT_VERSION = 1;
				DYLIB_INSTALL_NAME_BASE = "@rpath";
				INFOPLIST_FILE = GQLControl/Info.plist;
				INSTALL_PATH = "$(LOCAL_LIBRARY_DIR)/Frameworks";
				LD_RUNPATH_SEARCH_PATHS = (
					"$(inherited)",
					"@executable_path/Frameworks",
					"@loader_path/Frameworks",
				);
				PRODUCT_BUNDLE_IDENTIFIER = com.aldofuentes.GQLControl;
				PRODUCT_NAME = "$(TARGET_NAME:c99extidentifier)";
				SKIP_INSTALL = YES;
				SWIFT_VERSION = 4.2;
				TARGETED_DEVICE_FAMILY = "1,2";
			};
			name = Release;
		};
/* End XCBuildConfiguration section */

/* Begin XCConfigurationList section */
		A02D8D6E221A649D00B0A42E /* Build configuration list for PBXProject "GQLControl" */ = {
			isa = XCConfigurationList;
			buildConfigurations = (
				A02D8D7A221A649D00B0A42E /* Debug */,
				A02D8D7B221A649D00B0A42E /* Release */,
			);
			defaultConfigurationIsVisible = 0;
			defaultConfigurationName = Release;
		};
		A02D8D7C221A649D00B0A42E /* Build configuration list for PBXNativeTarget "GQLControl" */ = {
			isa = XCConfigurationList;
			buildConfigurations = (
				A02D8D7D221A649D00B0A42E /* Debug */,
				A02D8D7E221A649D00B0A42E /* Release */,
			);
			defaultConfigurationIsVisible = 0;
			defaultConfigurationName = Release;
		};
/* End XCConfigurationList section */
	};
	rootObject = A02D8D6B221A649D00B0A42E /* Project object */;
}
